
Microsoft Visual Studio Solution File, Format Version 12.00
# Visual Studio Version 16
VisualStudioVersion = 16.0.29728.190
MinimumVisualStudioVersion = 10.0.40219.1
Project("{9A19103F-16F7-4668-BE54-9A1E7A4F7556}") = "Authentication", "Authentication.csproj", "{59EFA372-49FB-41C7-AA28-3A6D6EDCFA66}"
EndProject
Project("{FAE04EC0-301F-11D3-BF4B-00C04F79EFBC}") = "Authorization", "UserRoles\UserRoles\Authorization.csproj", "{4D29951D-F48E-4A23-83A7-36115ADB8E96}"
EndProject
Global
	GlobalSection(SolutionConfigurationPlatforms) = preSolution
		Debug|Any CPU = Debug|Any CPU
		Release|Any CPU = Release|Any CPU
	EndGlobalSection
	GlobalSection(ProjectConfigurationPlatforms) = postSolution
		{59EFA372-49FB-41C7-AA28-3A6D6EDCFA66}.Debug|Any CPU.ActiveCfg = Debug|Any CPU
		{59EFA372-49FB-41C7-AA28-3A6D6EDCFA66}.Debug|Any CPU.Build.0 = Debug|Any CPU
		{59EFA372-49FB-41C7-AA28-3A6D6EDCFA66}.Release|Any CPU.ActiveCfg = Release|Any CPU
		{59EFA372-49FB-41C7-AA28-3A6D6EDCFA66}.Release|Any CPU.Build.0 = Release|Any CPU
		{4D29951D-F48E-4A23-83A7-36115ADB8E96}.Debug|Any CPU.ActiveCfg = Debug|Any CPU
		{4D29951D-F48E-4A23-83A7-36115ADB8E96}.Debug|Any CPU.Build.0 = Debug|Any CPU
		{4D29951D-F48E-4A23-83A7-36115ADB8E96}.Release|Any CPU.ActiveCfg = Release|Any CPU
		{4D29951D-F48E-4A23-83A7-36115ADB8E96}.Release|Any CPU.Build.0 = Release|Any CPU
	EndGlobalSection
	GlobalSection(SolutionProperties) = preSolution
		HideSolutionNode = FALSE
	EndGlobalSection
	GlobalSection(ExtensibilityGlobals) = postSolution
		SolutionGuid = {6539ACCA-D3AF-4062-BBDB-37644E75EB49}
	EndGlobalSection
EndGlobal
